
Microsoft Visual Studio Solution File, Format Version 12.00
# Visual Studio Version 16
VisualStudioVersion = 16.0.32002.261
MinimumVisualStudioVersion = 10.0.40219.1
Project("{FAE04EC0-301F-11D3-BF4B-00C04F79EFBC}") = "LibraryApp", "LibraryApp\LibraryApp.csproj", "{D3F4115C-7C62-4E6E-A3C9-C3FAC1DECC69}"
EndProject
Project("{FAE04EC0-301F-11D3-BF4B-00C04F79EFBC}") = "LibraryAppTests", "LibraryAppTests\LibraryAppTests.csproj", "{2E377B3F-36B9-4752-841E-3C30B4A6B33A}"
EndProject
Global
	GlobalSection(SolutionConfigurationPlatforms) = preSolution
		Debug|Any CPU = Debug|Any CPU
		Release|Any CPU = Release|Any CPU
	EndGlobalSection
	GlobalSection(ProjectConfigurationPlatforms) = postSolution
		{D3F4115C-7C62-4E6E-A3C9-C3FAC1DECC69}.Debug|Any CPU.ActiveCfg = Debug|Any CPU
		{D3F4115C-7C62-4E6E-A3C9-C3FAC1DECC69}.Debug|Any CPU.Build.0 = Debug|Any CPU
		{D3F4115C-7C62-4E6E-A3C9-C3FAC1DECC69}.Release|Any CPU.ActiveCfg = Release|Any CPU
		{D3F4115C-7C62-4E6E-A3C9-C3FAC1DECC69}.Release|Any CPU.Build.0 = Release|Any CPU
		{2E377B3F-36B9-4752-841E-3C30B4A6B33A}.Debug|Any CPU.ActiveCfg = Debug|Any CPU
		{2E377B3F-36B9-4752-841E-3C30B4A6B33A}.Debug|Any CPU.Build.0 = Debug|Any CPU
		{2E377B3F-36B9-4752-841E-3C30B4A6B33A}.Release|Any CPU.ActiveCfg = Release|Any CPU
		{2E377B3F-36B9-4752-841E-3C30B4A6B33A}.Release|Any CPU.Build.0 = Release|Any CPU
	EndGlobalSection
	GlobalSection(SolutionProperties) = preSolution
		HideSolutionNode = FALSE
	EndGlobalSection
	GlobalSection(ExtensibilityGlobals) = postSolution
		SolutionGuid = {1A992C4B-6D4F-41BE-8F89-E3076D333A8F}
	EndGlobalSection
EndGlobal
